
Microsoft Visual Studio Solution File, Format Version 12.00
# Visual Studio Version 17
VisualStudioVersion = 17.5.002.0
MinimumVisualStudioVersion = 10.0.40219.1
Project("{9A19103F-16F7-4668-BE54-9A1E7A4F7556}") = "FaceHeap", "FaceHeap.csproj", "{2431BC03-3BA3-4993-B839-B347921CA46C}"
EndProject
Global
	GlobalSection(SolutionConfigurationPlatforms) = preSolution
		Debug|Any CPU = Debug|Any CPU
		Release|Any CPU = Release|Any CPU
	EndGlobalSection
	GlobalSection(ProjectConfigurationPlatforms) = postSolution
		{2431BC03-3BA3-4993-B839-B347921CA46C}.Debug|Any CPU.ActiveCfg = Debug|Any CPU
		{2431BC03-3BA3-4993-B839-B347921CA46C}.Debug|Any CPU.Build.0 = Debug|Any CPU
		{2431BC03-3BA3-4993-B839-B347921CA46C}.Release|Any CPU.ActiveCfg = Release|Any CPU
		{2431BC03-3BA3-4993-B839-B347921CA46C}.Release|Any CPU.Build.0 = Release|Any CPU
	EndGlobalSection
	GlobalSection(SolutionProperties) = preSolution
		HideSolutionNode = FALSE
	EndGlobalSection
	GlobalSection(ExtensibilityGlobals) = postSolution
		SolutionGuid = {296C4CFC-5C71-4AB9-A8C0-5C88E85D7A6C}
	EndGlobalSection
EndGlobal
